# THIS IS AN AUTOGENERATED FILE. DO NOT EDIT THIS FILE DIRECTLY.
# yarn lockfile v1


"@hawtio/core-dts@3.0.18", "@hawtio/core-dts@3.1.0", "@hawtio/core-dts@^3.0.0", "@hawtio/core-dts@~3.0.0":
  version "3.1.0"
  resolved "https://registry.yarnpkg.com/@hawtio/core-dts/-/core-dts-3.1.0.tgz#23b73d0f7f884fb1e1e8d9537d36d42bbdee18df"
  dependencies:
    "@types/jquery" "~2.0.46"

"@hawtio/core@3.2.26", "@hawtio/core@^3.0.0", "@hawtio/core@~3.2.0", "@hawtio/core@~3.2.25":
  version "3.2.26"
  resolved "https://registry.yarnpkg.com/@hawtio/core/-/core-3.2.26.tgz#0efc45bec40f21bfc37e045c556e5dbea70b4e6d"
  dependencies:
    "@hawtio/core-dts" "3.0.18"
    "@types/angular" "~1.6.0"
    "@types/angular-route" "1.3.4"
    "@types/jasmine" "2.8.2"
    "@types/jquery" "~2.0.0"
    "@types/lodash" "4.14.91"
    "@types/marked" "0.3.0"
    "@types/urijs" "1.15.34"
    angular "~1.6.0"
    angular-animate "~1.6.0"
    angular-patternfly "^4.0.0"
    angular-route "~1.6.0"
    angular-sanitize "~1.6.0"
    jquery "2.2.4"
    js-logger "1.4.1"
    lodash "4.17.4"
    marked "0.3.9"
    urijs "1.19.0"

"@hawtio/forms@~3.2.0":
  version "3.2.1"
  resolved "https://registry.yarnpkg.com/@hawtio/forms/-/forms-3.2.1.tgz#5486e4c5685b7705ef40aeac89914567cd7f937c"
  dependencies:
    "@hawtio/core" "~3.2.0"
    "@hawtio/core-dts" "~3.0.0"
    "@hawtio/ui" "~3.2.0"

"@hawtio/integration@~3.2.0":
  version "3.2.32"
  resolved "https://registry.yarnpkg.com/@hawtio/integration/-/integration-3.2.32.tgz#80005d40666dbb16cc737367193dbf3550c8e20a"
  dependencies:
    "@hawtio/core-dts" "3.1.0"
    "@hawtio/jmx" "~3.2.0"
    "@types/angular-mocks" "~1.5.11"
    "@types/angular-ui-bootstrap" "~0.13.46"
    "@types/jqueryui" "1.12.0"
    dagre-layout "0.8.0"
    ng-infinite-scroll "1.3.0"

"@hawtio/jmx@~3.2.0":
  version "3.2.34"
  resolved "https://registry.yarnpkg.com/@hawtio/jmx/-/jmx-3.2.34.tgz#110e8e94debd23298cce0b6e52efa6d9b7740b21"
  dependencies:
    "@hawtio/core" "~3.2.0"
    "@hawtio/forms" "~3.2.0"
    "@hawtio/ui" "~3.2.0"
    "@types/angular-ui-bootstrap" "~0.13.46"
    angular-resizable "1.2.0"
    patternfly-bootstrap-treeview "2.1.5"

"@hawtio/log@~3.2.0":
  version "3.2.3"
  resolved "https://registry.yarnpkg.com/@hawtio/log/-/log-3.2.3.tgz#8c1dcdac0c8b1b1e790980b2e2ce688d86bbb66f"
  dependencies:
    "@hawtio/jmx" "~3.2.0"

"@hawtio/oauth@~3.1.0":
  version "3.1.0"
  resolved "https://registry.yarnpkg.com/@hawtio/oauth/-/oauth-3.1.0.tgz#03e5f37d717da6cd051752894c870a22fd6469ef"
  dependencies:
    "@hawtio/core" "~3.2.25"
    ng-idle "^1.3.2"

"@hawtio/ui@~3.2.0":
  version "3.2.7"
  resolved "https://registry.yarnpkg.com/@hawtio/ui/-/ui-3.2.7.tgz#9625556409d28adb021373575f6e0d7401c3ae19"
  dependencies:
    "@hawtio/core" "^3.0.0"
    "@hawtio/core-dts" "^3.0.0"
    "@types/bootstrap" "3.3.36"
    "@types/clipboard" "1.5.35"
    "@types/codemirror" "0.0.40"
    "@types/js-beautify" "0.0.30"
    "@types/marked" "0.0.28"
    angular-ui-bootstrap "2.5.6"
    clipboard "1.7.1"
    codemirror "5.33.0"
    js-beautify "1.7.5"

"@types/angular-mocks@~1.5.11":
  version "1.5.12"
  resolved "https://registry.yarnpkg.com/@types/angular-mocks/-/angular-mocks-1.5.12.tgz#755af97607efa54730e64b9a6ab41f9d8a908ae1"
  dependencies:
    "@types/angular" "*"

"@types/angular-route@1.3.4":
  version "1.3.4"
  resolved "https://registry.yarnpkg.com/@types/angular-route/-/angular-route-1.3.4.tgz#10d3f7eb313fb8a4b832041f9401869803dcd4df"
  dependencies:
    "@types/angular" "*"

"@types/angular-ui-bootstrap@~0.13.46":
  version "0.13.46"
  resolved "https://registry.yarnpkg.com/@types/angular-ui-bootstrap/-/angular-ui-bootstrap-0.13.46.tgz#67b2bc2801cdaec515567840c9d82cc649c34656"
  dependencies:
    "@types/angular" "*"

"@types/angular@*", "@types/angular@1.6.43", "@types/angular@~1.6.0":
  version "1.6.43"
  resolved "https://registry.yarnpkg.com/@types/angular/-/angular-1.6.43.tgz#6235ef416053a86302970717510a936d889cbb9a"

"@types/bootstrap@3.3.36":
  version "3.3.36"
  resolved "https://registry.yarnpkg.com/@types/bootstrap/-/bootstrap-3.3.36.tgz#5ca0b81655427398fe7c8728bccdc395069093d0"
  dependencies:
    "@types/jquery" "*"

"@types/c3@^0.6.0":
  version "0.6.0"
  resolved "https://registry.yarnpkg.com/@types/c3/-/c3-0.6.0.tgz#74fe73461f18386ae460e8113ea4883ab7fbeab1"
  dependencies:
    "@types/d3" "^4"

"@types/clipboard@1.5.35":
  version "1.5.35"
  resolved "https://registry.yarnpkg.com/@types/clipboard/-/clipboard-1.5.35.tgz#bceb67a7e0aad3070468929b95a2d626405db464"

"@types/codemirror@0.0.40":
  version "0.0.40"
  resolved "https://registry.yarnpkg.com/@types/codemirror/-/codemirror-0.0.40.tgz#0868ed9ba5bf3ef8072de80e245ecf4a8f0bbdfd"

"@types/d3-array@*":
  version "1.2.1"
  resolved "https://registry.yarnpkg.com/@types/d3-array/-/d3-array-1.2.1.tgz#e489605208d46a1c9d980d2e5772fa9c75d9ec65"

"@types/d3-axis@*":
  version "1.0.10"
  resolved "https://registry.yarnpkg.com/@types/d3-axis/-/d3-axis-1.0.10.tgz#41d6b3ea9032f9531ec0d71d83bcf49294511210"
  dependencies:
    "@types/d3-selection" "*"

"@types/d3-brush@*":
  version "1.0.8"
  resolved "https://registry.yarnpkg.com/@types/d3-brush/-/d3-brush-1.0.8.tgz#2bb9b93e58115da9e0c94ac2b865e34d3631b69b"
  dependencies:
    "@types/d3-selection" "*"

"@types/d3-chord@*":
  version "1.0.7"
  resolved "https://registry.yarnpkg.com/@types/d3-chord/-/d3-chord-1.0.7.tgz#6cb982d84c02bf1b05874d921316451546fde9c3"

"@types/d3-collection@*":
  version "1.0.7"
  resolved "https://registry.yarnpkg.com/@types/d3-collection/-/d3-collection-1.0.7.tgz#829e1db477d6bbbcdc038cbc489f22798752d707"

"@types/d3-color@*":
  version "1.2.1"
  resolved "https://registry.yarnpkg.com/@types/d3-color/-/d3-color-1.2.1.tgz#26141c3c554e320edd40726b793570a3ae57397e"

"@types/d3-dispatch@*":
  version "1.0.6"
  resolved "https://registry.yarnpkg.com/@types/d3-dispatch/-/d3-dispatch-1.0.6.tgz#19b173f669cd2ab7dd3d862e8037aae1a98c7508"

"@types/d3-drag@*":
  version "1.2.1"
  resolved "https://registry.yarnpkg.com/@types/d3-drag/-/d3-drag-1.2.1.tgz#6394bcf2f6414140b3b0d521259cadc6fa1da926"
  dependencies:
    "@types/d3-selection" "*"

"@types/d3-dsv@*":
  version "1.0.33"
  resolved "https://registry.yarnpkg.com/@types/d3-dsv/-/d3-dsv-1.0.33.tgz#18de1867927f7ec898671aef82f730f16d4c7fcb"

"@types/d3-ease@*":
  version "1.0.7"
  resolved "https://registry.yarnpkg.com/@types/d3-ease/-/d3-ease-1.0.7.tgz#93a301868be9e15061f3d44343b1ab3f8acb6f09"

"@types/d3-force@*":
  version "1.1.1"
  resolved "https://registry.yarnpkg.com/@types/d3-force/-/d3-force-1.1.1.tgz#185c18b77932df63457894bd36d0d6e9692546c0"

"@types/d3-format@*":
  version "1.3.0"
  resolved "https://registry.yarnpkg.com/@types/d3-format/-/d3-format-1.3.0.tgz#c5e115fac8e6861ce656fe9861892b22f6b0cfcb"

"@types/d3-geo@*":
  version "1.10.3"
  resolved "https://registry.yarnpkg.com/@types/d3-geo/-/d3-geo-1.10.3.tgz#3c01b2baa480e1108301096328dc2837e7ff4d8a"
  dependencies:
    "@types/geojson" "*"

"@types/d3-hierarchy@*":
  version "1.1.2"
  resolved "https://registry.yarnpkg.com/@types/d3-hierarchy/-/d3-hierarchy-1.1.2.tgz#63a4e433f321ffc4dbd9aa05ff95962072b51993"

"@types/d3-interpolate@*":
  version "1.2.0"
  resolved "https://registry.yarnpkg.com/@types/d3-interpolate/-/d3-interpolate-1.2.0.tgz#b5587e013f8afbbc0194046e6a66bb7b8f1c8619"
  dependencies:
    "@types/d3-color" "*"

"@types/d3-path@*":
  version "1.0.7"
  resolved "https://registry.yarnpkg.com/@types/d3-path/-/d3-path-1.0.7.tgz#a0736fceed688a695f48265a82ff7a3369414b81"

"@types/d3-polygon@*":
  version "1.0.6"
  resolved "https://registry.yarnpkg.com/@types/d3-polygon/-/d3-polygon-1.0.6.tgz#db25c630a2afb9191fe51ba61dd37baee9dd44c7"

"@types/d3-quadtree@*":
  version "1.0.5"
  resolved "https://registry.yarnpkg.com/@types/d3-quadtree/-/d3-quadtree-1.0.5.tgz#1ce1e659eae4530df0cb127f297f1741a367a82e"

"@types/d3-queue@*":
  version "3.0.6"
  resolved "https://registry.yarnpkg.com/@types/d3-queue/-/d3-queue-3.0.6.tgz#2f5aa7eca3b153bb49687eaa570c10ab713439d3"

"@types/d3-random@*":
  version "1.1.1"
  resolved "https://registry.yarnpkg.com/@types/d3-random/-/d3-random-1.1.1.tgz#38647ce2ff4ce7d0d56974334c1c4092513c8b9f"

"@types/d3-request@*":
  version "1.0.2"
  resolved "https://registry.yarnpkg.com/@types/d3-request/-/d3-request-1.0.2.tgz#db9db8154f47816584706c6e6f702be66f22f4be"
  dependencies:
    "@types/d3-dsv" "*"

"@types/d3-scale@^1":
  version "1.0.13"
  resolved "https://registry.yarnpkg.com/@types/d3-scale/-/d3-scale-1.0.13.tgz#8c89f73ea8adf81b849124683628aa834dcf545e"
  dependencies:
    "@types/d3-time" "*"

"@types/d3-selection@*":
  version "1.3.1"
  resolved "https://registry.yarnpkg.com/@types/d3-selection/-/d3-selection-1.3.1.tgz#c6227f4e39d429cc429ce3882fd533facc7f014c"

"@types/d3-shape@*":
  version "1.2.3"
  resolved "https://registry.yarnpkg.com/@types/d3-shape/-/d3-shape-1.2.3.tgz#cadc9f93a626db9190f306048a650df4ffa4e500"
  dependencies:
    "@types/d3-path" "*"

"@types/d3-time-format@*":
  version "2.1.0"
  resolved "https://registry.yarnpkg.com/@types/d3-time-format/-/d3-time-format-2.1.0.tgz#011e0fb7937be34a9a8f580ae1e2f2f1336a8a22"

"@types/d3-time@*":
  version "1.0.8"
  resolved "https://registry.yarnpkg.com/@types/d3-time/-/d3-time-1.0.8.tgz#6c083127b330b3c2fc65cd0f3a6e9cbd9607b28c"

"@types/d3-timer@*":
  version "1.0.7"
  resolved "https://registry.yarnpkg.com/@types/d3-timer/-/d3-timer-1.0.7.tgz#053e6369d9485c9dc80bc62fc0851123341d7816"

"@types/d3-transition@*":
  version "1.1.2"
  resolved "https://registry.yarnpkg.com/@types/d3-transition/-/d3-transition-1.1.2.tgz#1106fc3129decc9ad5682a9f52b2dfa52f14e57c"
  dependencies:
    "@types/d3-selection" "*"

"@types/d3-voronoi@*":
  version "1.1.7"
  resolved "https://registry.yarnpkg.com/@types/d3-voronoi/-/d3-voronoi-1.1.7.tgz#c0a145cf04395927e01706ff6c4ff835c97a8ece"

"@types/d3-zoom@*":
  version "1.7.1"
  resolved "https://registry.yarnpkg.com/@types/d3-zoom/-/d3-zoom-1.7.1.tgz#0d69be0bf5849cffb66f48e4258c838436b43822"
  dependencies:
    "@types/d3-interpolate" "*"
    "@types/d3-selection" "*"

"@types/d3@^4":
  version "4.13.0"
  resolved "https://registry.yarnpkg.com/@types/d3/-/d3-4.13.0.tgz#aae092b368266409cfbf19c611203145ec0d5f65"
  dependencies:
    "@types/d3-array" "*"
    "@types/d3-axis" "*"
    "@types/d3-brush" "*"
    "@types/d3-chord" "*"
    "@types/d3-collection" "*"
    "@types/d3-color" "*"
    "@types/d3-dispatch" "*"
    "@types/d3-drag" "*"
    "@types/d3-dsv" "*"
    "@types/d3-ease" "*"
    "@types/d3-force" "*"
    "@types/d3-format" "*"
    "@types/d3-geo" "*"
    "@types/d3-hierarchy" "*"
    "@types/d3-interpolate" "*"
    "@types/d3-path" "*"
    "@types/d3-polygon" "*"
    "@types/d3-quadtree" "*"
    "@types/d3-queue" "*"
    "@types/d3-random" "*"
    "@types/d3-request" "*"
    "@types/d3-scale" "^1"
    "@types/d3-selection" "*"
    "@types/d3-shape" "*"
    "@types/d3-time" "*"
    "@types/d3-time-format" "*"
    "@types/d3-timer" "*"
    "@types/d3-transition" "*"
    "@types/d3-voronoi" "*"
    "@types/d3-zoom" "*"

"@types/geojson@*":
  version "7946.0.4"
  resolved "https://registry.yarnpkg.com/@types/geojson/-/geojson-7946.0.4.tgz#4e049756383c3f055dd8f3d24e63fb543e98eb07"

"@types/jasmine@2.8.2", "@types/jasmine@2.8.6":
  version "2.8.6"
  resolved "https://registry.yarnpkg.com/@types/jasmine/-/jasmine-2.8.6.tgz#14445b6a1613cf4e05dd61c3c3256d0e95c0421e"

"@types/jquery@*", "@types/jquery@2.0.49", "@types/jquery@~2.0.0", "@types/jquery@~2.0.46":
  version "2.0.49"
  resolved "https://registry.yarnpkg.com/@types/jquery/-/jquery-2.0.49.tgz#95bd7064caebf65bde10429dff491a1aea05b67d"

"@types/jqueryui@1.12.0", "@types/jqueryui@1.12.2":
  version "1.12.2"
  resolved "https://registry.yarnpkg.com/@types/jqueryui/-/jqueryui-1.12.2.tgz#8daa7ffa16880c78b1662ff287df058a2aceb651"
  dependencies:
    "@types/jquery" "*"

"@types/js-beautify@0.0.30":
  version "0.0.30"
  resolved "https://registry.yarnpkg.com/@types/js-beautify/-/js-beautify-0.0.30.tgz#82ffbeb2c2dec592f1d04169e926912eeed567ec"

"@types/lodash@4.14.91":
  version "4.14.91"
  resolved "https://registry.yarnpkg.com/@types/lodash/-/lodash-4.14.91.tgz#794611b28056d16b5436059c6d800b39d573cd3a"

"@types/marked@0.0.28", "@types/marked@0.3.0":
  version "0.3.0"
  resolved "https://registry.yarnpkg.com/@types/marked/-/marked-0.3.0.tgz#583c223dd33385a1dda01aaf77b0cd0411c4b524"

"@types/urijs@1.15.34":
  version "1.15.34"
  resolved "https://registry.yarnpkg.com/@types/urijs/-/urijs-1.15.34.tgz#b9d5954e9beaabb6fc48c2127d8df15ac6393256"
  dependencies:
    "@types/jquery" "*"

abbrev@1:
  version "1.1.1"
  resolved "https://registry.yarnpkg.com/abbrev/-/abbrev-1.1.1.tgz#f8f2c887ad10bf67f634f005b6987fed3179aac8"

angular-animate@1.5.*, angular-animate@1.6.9, angular-animate@~1.6.0:
  version "1.6.9"
  resolved "https://registry.yarnpkg.com/angular-animate/-/angular-animate-1.6.9.tgz#a0f926c1ba3190bd8929ef966a7fa79760682622"

angular-drag-and-drop-lists@2.0.0:
  version "2.0.0"
  resolved "https://registry.yarnpkg.com/angular-drag-and-drop-lists/-/angular-drag-and-drop-lists-2.0.0.tgz#a01d44b94cf233c9c2d45a31842cb35a9d0882ca"

angular-patternfly@^4.0.0:
  version "4.18.3"
  resolved "https://registry.yarnpkg.com/angular-patternfly/-/angular-patternfly-4.18.3.tgz#9b070203df7a066f0958d7c922a543e776ff789e"
  dependencies:
    angular "1.5.*"
    angular-animate "1.5.*"
    angular-sanitize "1.5.*"
    angular-svg-base-fix "2.0.0"
    angular-ui-bootstrap "2.3.x"
    lodash "4.x"
    patternfly "^3.37.1"
  optionalDependencies:
    angular-drag-and-drop-lists "2.0.0"
    angularjs-datatables "^0.5.9"
    bootstrap "~3.3.7"
    bootstrap-select "~1.12.4"
    c3 "~0.4.11"
    d3 "~3.5.17"
    datatables.net "^1.10.12"
    datatables.net-select "~1.2.0"
    jquery "~3.2.1"
    jquery-ui-dist "~1.12.1"
    moment "~2.19.3"

angular-resizable@1.2.0:
  version "1.2.0"
  resolved "https://registry.yarnpkg.com/angular-resizable/-/angular-resizable-1.2.0.tgz#9dd29af008f8b54abfc051bd269a8f0b4fe43f1a"

angular-route@1.6.9, angular-route@~1.6.0:
  version "1.6.9"
  resolved "https://registry.yarnpkg.com/angular-route/-/angular-route-1.6.9.tgz#73c63cec6a8a6b924698aec635eac32aa41f5e2b"

angular-sanitize@1.5.*, angular-sanitize@1.6.9, angular-sanitize@~1.6.0:
  version "1.6.9"
  resolved "https://registry.yarnpkg.com/angular-sanitize/-/angular-sanitize-1.6.9.tgz#1adba33f6f513e5f93e3aca8071bef53666739ea"

angular-svg-base-fix@2.0.0:
  version "2.0.0"
  resolved "https://registry.yarnpkg.com/angular-svg-base-fix/-/angular-svg-base-fix-2.0.0.tgz#f3d5f85b87a10d21310f47da8455038b90cfb000"

angular-ui-bootstrap@2.3.x, angular-ui-bootstrap@2.5.6:
  version "2.5.6"
  resolved "https://registry.yarnpkg.com/angular-ui-bootstrap/-/angular-ui-bootstrap-2.5.6.tgz#23937322ec641a6fbee16498cc32452aa199e7c5"

angular@1.5.*, angular@1.6.9, angular@>=1.3.0, angular@^1.2.0, angular@~1.6.0:
  version "1.6.9"
  resolved "https://registry.yarnpkg.com/angular/-/angular-1.6.9.tgz#bc812932e18909038412d594a5990f4bb66c0619"

angularjs-datatables@^0.5.9:
  version "0.5.9"
  resolved "https://registry.yarnpkg.com/angularjs-datatables/-/angularjs-datatables-0.5.9.tgz#24bdc3ba0951741f4172295b6a795c58ce63ad94"
  dependencies:
    angular ">=1.3.0"
    datatables.net "^1.10.11"
    datatables.net-dt "^1.10.11"
    jquery ">=1.11.0"

bluebird@^3.0.5:
  version "3.5.1"
  resolved "https://registry.yarnpkg.com/bluebird/-/bluebird-3.5.1.tgz#d9551f9de98f1fcda1e683d17ee91a0602ee2eb9"

bootstrap-datepicker@^1.7.1:
  version "1.8.0"
  resolved "https://registry.yarnpkg.com/bootstrap-datepicker/-/bootstrap-datepicker-1.8.0.tgz#c63513931e6f09f16ae9f11b62f32d950df3958e"
  dependencies:
    jquery ">=1.7.1 <4.0.0"

bootstrap-sass@^3.3.7:
  version "3.3.7"
  resolved "https://registry.yarnpkg.com/bootstrap-sass/-/bootstrap-sass-3.3.7.tgz#6596c7ab40f6637393323ab0bc80d064fc630498"

bootstrap-select@1.12.2, bootstrap-select@1.13.0, bootstrap-select@~1.12.4:
  version "1.13.0"
  resolved "https://registry.yarnpkg.com/bootstrap-select/-/bootstrap-select-1.13.0.tgz#f31d0a23fc6070fd5b17b841bf1ca115ce54775b"

bootstrap-slider@^9.9.0:
  version "9.10.0"
  resolved "https://registry.yarnpkg.com/bootstrap-slider/-/bootstrap-slider-9.10.0.tgz#1103d6bc00cfbfa8cfc9a2599ab518c55643da3f"

bootstrap-switch@~3.3.4:
  version "3.3.4"
  resolved "https://registry.yarnpkg.com/bootstrap-switch/-/bootstrap-switch-3.3.4.tgz#70e0aeb2a877c0dc766991de108e2170fc29a2ff"

bootstrap-touchspin@~3.1.1:
  version "3.1.1"
  resolved "https://registry.yarnpkg.com/bootstrap-touchspin/-/bootstrap-touchspin-3.1.1.tgz#9779deac72aaf577e5e762b8512c747c871d9597"

bootstrap@3.3.x, bootstrap@^3.3, bootstrap@~3.3.7:
  version "3.3.7"
  resolved "https://registry.yarnpkg.com/bootstrap/-/bootstrap-3.3.7.tgz#5a389394549f23330875a3b150656574f8a9eb71"

c3@~0.4.11:
  version "0.4.23"
  resolved "https://registry.yarnpkg.com/c3/-/c3-0.4.23.tgz#32ece135d0ac6d124187be5c6935903699643002"
  dependencies:
    d3 "~3.5.0"

clipboard@1.7.1:
  version "1.7.1"
  resolved "https://registry.yarnpkg.com/clipboard/-/clipboard-1.7.1.tgz#360d6d6946e99a7a1fef395e42ba92b5e9b5a16b"
  dependencies:
    good-listener "^1.2.2"
    select "^1.1.2"
    tiny-emitter "^2.0.0"

codemirror@5.33.0:
  version "5.33.0"
  resolved "https://registry.yarnpkg.com/codemirror/-/codemirror-5.33.0.tgz#462ad9a6fe8d38b541a9536a3997e1ef93b40c6a"

commander@^2.9.0:
  version "2.16.0"
  resolved "https://registry.yarnpkg.com/commander/-/commander-2.16.0.tgz#f16390593996ceb4f3eeb020b31d78528f7f8a50"

config-chain@~1.1.5:
  version "1.1.11"
  resolved "https://registry.yarnpkg.com/config-chain/-/config-chain-1.1.11.tgz#aba09747dfbe4c3e70e766a6e41586e1859fc6f2"
  dependencies:
    ini "^1.3.4"
    proto-list "~1.2.1"

d3@~3.5.0, d3@~3.5.17:
  version "3.5.17"
  resolved "https://registry.yarnpkg.com/d3/-/d3-3.5.17.tgz#bc46748004378b21a360c9fc7cf5231790762fb8"

dagre-layout@0.8.0:
  version "0.8.0"
  resolved "https://registry.yarnpkg.com/dagre-layout/-/dagre-layout-0.8.0.tgz#7147b6afb655602f855158dfea171db9aa98d4ff"
  dependencies:
    graphlib "^2.1.1"
    lodash "^4.17.4"

datatables.net-bs@>=1.10.9:
  version "1.10.19"
  resolved "https://registry.yarnpkg.com/datatables.net-bs/-/datatables.net-bs-1.10.19.tgz#08763b4e4d0cef1a427d019dc15e717c7ed67a4d"
  dependencies:
    datatables.net "1.10.19"
    jquery ">=1.7"

datatables.net-colreorder-bs@~1.3.2:
  version "1.3.3"
  resolved "https://registry.yarnpkg.com/datatables.net-colreorder-bs/-/datatables.net-colreorder-bs-1.3.3.tgz#3a9dcb08deebeb5d854079591e06e493ad793a53"
  dependencies:
    datatables.net-bs ">=1.10.9"
    datatables.net-colreorder ">=1.2.0"
    jquery ">=1.7"

datatables.net-colreorder@>=1.2.0, datatables.net-colreorder@^1.4.1:
  version "1.5.1"
  resolved "https://registry.yarnpkg.com/datatables.net-colreorder/-/datatables.net-colreorder-1.5.1.tgz#ee5eacd7178b5fd9396aab44d4907aae35086f8c"
  dependencies:
    datatables.net "^1.10.15"
    jquery ">=1.7"

datatables.net-dt@^1.10.11:
  version "1.10.19"
  resolved "https://registry.yarnpkg.com/datatables.net-dt/-/datatables.net-dt-1.10.19.tgz#fc668e4942ac6e331be2707975d0f33e01afb60f"
  dependencies:
    datatables.net "1.10.19"
    jquery ">=1.7"

datatables.net-select@~1.2.0:
  version "1.2.7"
  resolved "https://registry.yarnpkg.com/datatables.net-select/-/datatables.net-select-1.2.7.tgz#7d5badfca49c438f8b51df04483d8d77857e917c"
  dependencies:
    datatables.net "^1.10.15"
    jquery ">=1.7"

datatables.net@1.10.19, datatables.net@^1.10.11, datatables.net@^1.10.12, datatables.net@^1.10.15:
  version "1.10.19"
  resolved "https://registry.yarnpkg.com/datatables.net/-/datatables.net-1.10.19.tgz#97a1ed41c85e62d61040603481b59790a172dd1f"
  dependencies:
    jquery ">=1.7"

delegate@^3.1.2:
  version "3.2.0"
  resolved "https://registry.yarnpkg.com/delegate/-/delegate-3.2.0.tgz#b66b71c3158522e8ab5744f720d8ca0c2af59166"

drmonty-datatables-colvis@~1.1.2:
  version "1.1.2"
  resolved "https://registry.yarnpkg.com/drmonty-datatables-colvis/-/drmonty-datatables-colvis-1.1.2.tgz#96ab9edfb48643cc2edda3f87b88933cdee8127c"
  dependencies:
    jquery ">=1.7.0"

editorconfig@^0.13.2:
  version "0.13.3"
  resolved "https://registry.yarnpkg.com/editorconfig/-/editorconfig-0.13.3.tgz#e5219e587951d60958fd94ea9a9a008cdeff1b34"
  dependencies:
    bluebird "^3.0.5"
    commander "^2.9.0"
    lru-cache "^3.2.0"
    semver "^5.1.0"
    sigmund "^1.0.1"

eonasdan-bootstrap-datetimepicker@^4.17.47:
  version "4.17.47"
  resolved "https://registry.yarnpkg.com/eonasdan-bootstrap-datetimepicker/-/eonasdan-bootstrap-datetimepicker-4.17.47.tgz#7a49970044065276e7965efd16f822735219e735"
  dependencies:
    bootstrap "^3.3"
    jquery "^1.8.3 || ^2.0 || ^3.0"
    moment "^2.10"
    moment-timezone "^0.4.0"

font-awesome-sass@^4.7.0:
  version "4.7.0"
  resolved "https://registry.yarnpkg.com/font-awesome-sass/-/font-awesome-sass-4.7.0.tgz#4eda693e915009ce00b228e0964dc5eca9bc34e1"

font-awesome@^4.7.0:
  version "4.7.0"
  resolved "https://registry.yarnpkg.com/font-awesome/-/font-awesome-4.7.0.tgz#8fa8cf0411a1a31afd07b06d2902bb9fc815a133"

good-listener@^1.2.2:
  version "1.2.2"
  resolved "https://registry.yarnpkg.com/good-listener/-/good-listener-1.2.2.tgz#d53b30cdf9313dffb7dc9a0d477096aa6d145c50"
  dependencies:
    delegate "^3.1.2"

google-code-prettify@~1.0.5:
  version "1.0.5"
  resolved "https://registry.yarnpkg.com/google-code-prettify/-/google-code-prettify-1.0.5.tgz#9f477f224dbfa62372e5ef803a7e157410400084"

graphlib@^2.1.1:
  version "2.1.5"
  resolved "https://registry.yarnpkg.com/graphlib/-/graphlib-2.1.5.tgz#6afe1afcc5148555ec799e499056795bd6938c87"
  dependencies:
    lodash "^4.11.1"

ini@^1.3.4:
  version "1.3.5"
  resolved "https://registry.yarnpkg.com/ini/-/ini-1.3.5.tgz#eee25f56db1c9ec6085e0c22778083f596abf927"

jquery-match-height@^0.7.2:
  version "0.7.2"
  resolved "https://registry.yarnpkg.com/jquery-match-height/-/jquery-match-height-0.7.2.tgz#f8d9f3ba5314daab109cf07408674be204be5f0e"

jquery-ui-dist@~1.12.1:
  version "1.12.1"
  resolved "https://registry.yarnpkg.com/jquery-ui-dist/-/jquery-ui-dist-1.12.1.tgz#5c0815d3cc6f90ff5faaf5b268a6e23b4ca904fa"

jquery@2.2.4, "jquery@>= 2.1.x", jquery@>=1.11.0, jquery@>=1.7, jquery@>=1.7.0, "jquery@>=1.7.1 <4.0.0", jquery@>=1.8, "jquery@^1.8.3 || ^2.0 || ^3.0", jquery@~3.2.1:
  version "2.2.4"
  resolved "https://registry.yarnpkg.com/jquery/-/jquery-2.2.4.tgz#2c89d6889b5eac522a7eea32c14521559c6cbf02"

js-beautify@1.7.5:
  version "1.7.5"
  resolved "https://registry.yarnpkg.com/js-beautify/-/js-beautify-1.7.5.tgz#69d9651ef60dbb649f65527b53674950138a7919"
  dependencies:
    config-chain "~1.1.5"
    editorconfig "^0.13.2"
    mkdirp "~0.5.0"
    nopt "~3.0.1"

js-logger@1.4.1:
  version "1.4.1"
  resolved "https://registry.yarnpkg.com/js-logger/-/js-logger-1.4.1.tgz#f0230dc5e84e120f213d6e5a6b767a913d290335"

keycloak-js@3.4.3:
  version "3.4.3"
  resolved "https://registry.yarnpkg.com/keycloak-js/-/keycloak-js-3.4.3.tgz#9fbb1ba7b2433229f5cc8babbd308ff0e945dac7"

lodash@4.17.4, lodash@4.17.5, lodash@4.x, lodash@^4.11.1, lodash@^4.17.4:
  version "4.17.5"
  resolved "https://registry.yarnpkg.com/lodash/-/lodash-4.17.5.tgz#99a92d65c0272debe8c96b6057bc8fbfa3bed511"

lru-cache@^3.2.0:
  version "3.2.0"
  resolved "https://registry.yarnpkg.com/lru-cache/-/lru-cache-3.2.0.tgz#71789b3b7f5399bec8565dda38aa30d2a097efee"
  dependencies:
    pseudomap "^1.0.1"

marked@0.3.9:
  version "0.3.9"
  resolved "https://registry.yarnpkg.com/marked/-/marked-0.3.9.tgz#54ce6a57e720c3ac6098374ec625fcbcc97ff290"

minimist@0.0.8:
  version "0.0.8"
  resolved "https://registry.yarnpkg.com/minimist/-/minimist-0.0.8.tgz#857fcabfc3397d2625b8228262e86aa7a011b05d"

mkdirp@~0.5.0:
  version "0.5.1"
  resolved "https://registry.yarnpkg.com/mkdirp/-/mkdirp-0.5.1.tgz#30057438eac6cf7f8c4767f38648d6697d75c903"
  dependencies:
    minimist "0.0.8"

moment-timezone@^0.4.0, moment-timezone@^0.4.1:
  version "0.4.1"
  resolved "https://registry.yarnpkg.com/moment-timezone/-/moment-timezone-0.4.1.tgz#81f598c3ad5e22cdad796b67ecd8d88d0f5baa06"
  dependencies:
    moment ">= 2.6.0"

moment@2.21.0, "moment@>= 2.6.0", moment@^2.10, moment@^2.19.1, moment@~2.19.3:
  version "2.21.0"
  resolved "https://registry.yarnpkg.com/moment/-/moment-2.21.0.tgz#2a114b51d2a6ec9e6d83cf803f838a878d8a023a"

ng-idle@^1.3.2:
  version "1.3.2"
  resolved "https://registry.yarnpkg.com/ng-idle/-/ng-idle-1.3.2.tgz#73a4dcc0a6c8360310d1396df376be6bd0b0a867"
  dependencies:
    angular "^1.2.0"

ng-infinite-scroll@1.3.0:
  version "1.3.0"
  resolved "https://registry.yarnpkg.com/ng-infinite-scroll/-/ng-infinite-scroll-1.3.0.tgz#c2e98d8fd134b0525a4d2cf58c95d9b583755112"

nopt@~3.0.1:
  version "3.0.6"
  resolved "https://registry.yarnpkg.com/nopt/-/nopt-3.0.6.tgz#c6465dbf08abcd4db359317f79ac68a646b28ff9"
  dependencies:
    abbrev "1"

patternfly-bootstrap-combobox@~1.1.7:
  version "1.1.7"
  resolved "https://registry.yarnpkg.com/patternfly-bootstrap-combobox/-/patternfly-bootstrap-combobox-1.1.7.tgz#6a5e3ccd1170c21b3c4b4aa168a7413e1ddbb6e1"

patternfly-bootstrap-treeview@2.1.5, patternfly-bootstrap-treeview@~2.1.0:
  version "2.1.5"
  resolved "https://registry.yarnpkg.com/patternfly-bootstrap-treeview/-/patternfly-bootstrap-treeview-2.1.5.tgz#4c29f2582fb8a2f28f0a928f2f0d324d21d6990d"
  dependencies:
    bootstrap "3.3.x"
    jquery ">= 2.1.x"

patternfly@^3.37.1:
  version "3.52.1"
  resolved "https://registry.yarnpkg.com/patternfly/-/patternfly-3.52.1.tgz#0c6f067ec987f4f16b93acb54e8f7de02300eead"
  dependencies:
    bootstrap "~3.3.7"
    font-awesome "^4.7.0"
    jquery "~3.2.1"
  optionalDependencies:
    "@types/c3" "^0.6.0"
    bootstrap-datepicker "^1.7.1"
    bootstrap-sass "^3.3.7"
    bootstrap-select "1.12.2"
    bootstrap-slider "^9.9.0"
    bootstrap-switch "~3.3.4"
    bootstrap-touchspin "~3.1.1"
    c3 "~0.4.11"
    d3 "~3.5.17"
    datatables.net "^1.10.15"
    datatables.net-colreorder "^1.4.1"
    datatables.net-colreorder-bs "~1.3.2"
    datatables.net-select "~1.2.0"
    drmonty-datatables-colvis "~1.1.2"
    eonasdan-bootstrap-datetimepicker "^4.17.47"
    font-awesome-sass "^4.7.0"
    google-code-prettify "~1.0.5"
    jquery-match-height "^0.7.2"
    moment "^2.19.1"
    moment-timezone "^0.4.1"
    patternfly-bootstrap-combobox "~1.1.7"
    patternfly-bootstrap-treeview "~2.1.0"

proto-list@~1.2.1:
  version "1.2.4"
  resolved "https://registry.yarnpkg.com/proto-list/-/proto-list-1.2.4.tgz#212d5bfe1318306a420f6402b8e26ff39647a849"

pseudomap@^1.0.1:
  version "1.0.2"
  resolved "https://registry.yarnpkg.com/pseudomap/-/pseudomap-1.0.2.tgz#f052a28da70e618917ef0a8ac34c1ae5a68286b3"

select@^1.1.2:
  version "1.1.2"
  resolved "https://registry.yarnpkg.com/select/-/select-1.1.2.tgz#0e7350acdec80b1108528786ec1d4418d11b396d"

semver@^5.1.0:
  version "5.5.0"
  resolved "https://registry.yarnpkg.com/semver/-/semver-5.5.0.tgz#dc4bbc7a6ca9d916dee5d43516f0092b58f7b8ab"

sigmund@^1.0.1:
  version "1.0.1"
  resolved "https://registry.yarnpkg.com/sigmund/-/sigmund-1.0.1.tgz#3ff21f198cad2175f9f3b781853fd94d0d19b590"

tiny-emitter@^2.0.0:
  version "2.0.2"
  resolved "https://registry.yarnpkg.com/tiny-emitter/-/tiny-emitter-2.0.2.tgz#82d27468aca5ade8e5fd1e6d22b57dd43ebdfb7c"

urijs@1.19.0:
  version "1.19.0"
  resolved "https://registry.yarnpkg.com/urijs/-/urijs-1.19.0.tgz#d8aa284d0e7469703a6988ad045c4cbfdf08ada0"
