# THIS IS AN AUTOGENERATED FILE. DO NOT EDIT THIS FILE DIRECTLY.
# yarn lockfile v1


"@hawtio/core-dts@3.2.0":
  version "3.2.0"
  resolved "https://registry.yarnpkg.com/@hawtio/core-dts/-/core-dts-3.2.0.tgz#9a685349dcfb9733234f6de71da5005d69b613fb"
  dependencies:
    "@types/jquery" "~2.0.46"

"@hawtio/core@~4.1.0":
  version "4.1.3"
  resolved "https://registry.yarnpkg.com/@hawtio/core/-/core-4.1.3.tgz#7afb1bb43bc944579ccbef76b517f40a94e9752b"
  dependencies:
    "@hawtio/core-dts" "3.2.0"
    "@types/angular" "*"
    "@types/angular-route" "*"
    "@types/jasmine" "2.8.2"
    "@types/jquery" "~2.0.0"
    "@types/lodash" "^4.0.0"
    "@types/marked" "0.3.0"
    "@types/urijs" "1.15.34"
    angular "~1.7.0"
    angular-animate "~1.7.0"
    angular-patternfly "^4.0.0"
    angular-route "~1.7.0"
    angular-sanitize "~1.7.0"
    gulp-rename "~1.2.3"
    jquery "2.2.4"
    js-logger "1.4.1"
    lodash "~4.17.0"
    marked "0.3.9"
    urijs "1.19.0"

"@hawtio/forms@~4.1.0":
  version "4.1.0"
  resolved "https://registry.yarnpkg.com/@hawtio/forms/-/forms-4.1.0.tgz#1bf89334e8cdf787661f2b38e788e3053dc7eef0"
  dependencies:
    "@hawtio/ui" "~4.1.0"

"@hawtio/integration@~4.2.0":
  version "4.2.1"
  resolved "https://registry.yarnpkg.com/@hawtio/integration/-/integration-4.2.1.tgz#26025f5e67e19e1de2ac7ac68aea2516c42492b1"
  dependencies:
    "@hawtio/jmx" "~4.2.0"
    "@types/angular-mocks" "~1.7.0"
    "@types/angular-ui-bootstrap" "~0.13.46"
    "@types/jqueryui" "1.12.2"
    dagre-layout "0.8.0"
    ng-infinite-scroll "1.3.0"

"@hawtio/jmx@~4.2.0":
  version "4.2.1"
  resolved "https://registry.yarnpkg.com/@hawtio/jmx/-/jmx-4.2.1.tgz#c47fad08216b42769593605c83d84de397a1d2af"
  dependencies:
    "@hawtio/core" "~4.1.0"
    "@hawtio/forms" "~4.1.0"
    "@hawtio/ui" "~4.1.0"
    "@types/angular-ui-bootstrap" "~0.13.46"
    angular-resizable "1.2.0"
    cubism "^1.6.0"
    jolokia.js "^1.6.0-1"
    patternfly-bootstrap-treeview "~2.1.0"

"@hawtio/oauth@~4.1.0":
  version "4.1.0"
  resolved "https://registry.yarnpkg.com/@hawtio/oauth/-/oauth-4.1.0.tgz#18340083bf6f9ced3f1207f3eb3912b64a34f477"
  dependencies:
    "@hawtio/core" "~4.1.0"
    ng-idle "^1.3.2"

"@hawtio/ui@~4.1.0":
  version "4.1.0"
  resolved "https://registry.yarnpkg.com/@hawtio/ui/-/ui-4.1.0.tgz#c7d26dfa8e54f7a8e418eb872074e1821cf2bb54"
  dependencies:
    "@hawtio/core" "~4.1.0"
    "@types/bootstrap" "3.3.36"
    "@types/clipboard" "1.5.35"
    "@types/codemirror" "0.0.40"
    "@types/js-beautify" "0.0.30"
    "@types/marked" "0.0.28"
    angular-ui-bootstrap "2.5.6"
    clipboard "1.7.1"
    codemirror "5.33.0"
    js-beautify "1.7.5"

"@types/angular-mocks@~1.7.0":
  version "1.7.0"
  resolved "https://registry.yarnpkg.com/@types/angular-mocks/-/angular-mocks-1.7.0.tgz#310d999a3c47c10ecd8eef466b5861df84799429"
  dependencies:
    "@types/angular" "*"

"@types/angular-route@*":
  version "1.7.0"
  resolved "https://registry.yarnpkg.com/@types/angular-route/-/angular-route-1.7.0.tgz#ba12d09df1aac3c88e3684500001daedfc97fb69"
  dependencies:
    "@types/angular" "*"

"@types/angular-ui-bootstrap@~0.13.46":
  version "0.13.47"
  resolved "https://registry.yarnpkg.com/@types/angular-ui-bootstrap/-/angular-ui-bootstrap-0.13.47.tgz#e9fd4baf09dd98ff2b868ed00474310b2a66fa37"
  dependencies:
    "@types/angular" "*"

"@types/angular@*", "@types/angular@1.6.43":
  version "1.6.43"
  resolved "https://registry.yarnpkg.com/@types/angular/-/angular-1.6.43.tgz#6235ef416053a86302970717510a936d889cbb9a"

"@types/bootstrap@3.3.36":
  version "3.3.36"
  resolved "https://registry.yarnpkg.com/@types/bootstrap/-/bootstrap-3.3.36.tgz#5ca0b81655427398fe7c8728bccdc395069093d0"
  dependencies:
    "@types/jquery" "*"

"@types/c3@^0.6.0":
  version "0.6.2"
  resolved "https://registry.yarnpkg.com/@types/c3/-/c3-0.6.2.tgz#b4d5fc5dbe05b900a531544786f8cfedf5b8e416"
  dependencies:
    "@types/d3" "^4"

"@types/clipboard@1.5.35":
  version "1.5.35"
  resolved "https://registry.yarnpkg.com/@types/clipboard/-/clipboard-1.5.35.tgz#bceb67a7e0aad3070468929b95a2d626405db464"

"@types/codemirror@0.0.40":
  version "0.0.40"
  resolved "https://registry.yarnpkg.com/@types/codemirror/-/codemirror-0.0.40.tgz#0868ed9ba5bf3ef8072de80e245ecf4a8f0bbdfd"

"@types/d3-array@*":
  version "1.2.4"
  resolved "https://registry.yarnpkg.com/@types/d3-array/-/d3-array-1.2.4.tgz#7088445c8717ba1fba416a1df7bbd11cc72a3763"

"@types/d3-axis@*":
  version "1.0.11"
  resolved "https://registry.yarnpkg.com/@types/d3-axis/-/d3-axis-1.0.11.tgz#efd975f9fec14c2afd03828f3acec0ef97d37c3b"
  dependencies:
    "@types/d3-selection" "*"

"@types/d3-brush@*":
  version "1.0.9"
  resolved "https://registry.yarnpkg.com/@types/d3-brush/-/d3-brush-1.0.9.tgz#c71070845946eeee4cf330e04123a3997e6476bf"
  dependencies:
    "@types/d3-selection" "*"

"@types/d3-chord@*":
  version "1.0.8"
  resolved "https://registry.yarnpkg.com/@types/d3-chord/-/d3-chord-1.0.8.tgz#08c0fbb10281be0a5b3fdf48c9c081af02f79fb6"

"@types/d3-collection@*":
  version "1.0.7"
  resolved "https://registry.yarnpkg.com/@types/d3-collection/-/d3-collection-1.0.7.tgz#829e1db477d6bbbcdc038cbc489f22798752d707"

"@types/d3-color@*":
  version "1.2.1"
  resolved "https://registry.yarnpkg.com/@types/d3-color/-/d3-color-1.2.1.tgz#26141c3c554e320edd40726b793570a3ae57397e"

"@types/d3-dispatch@*":
  version "1.0.6"
  resolved "https://registry.yarnpkg.com/@types/d3-dispatch/-/d3-dispatch-1.0.6.tgz#19b173f669cd2ab7dd3d862e8037aae1a98c7508"

"@types/d3-drag@*":
  version "1.2.2"
  resolved "https://registry.yarnpkg.com/@types/d3-drag/-/d3-drag-1.2.2.tgz#1cdd7716212a8cdef0a24c782c9d86c6aeb4a451"
  dependencies:
    "@types/d3-selection" "*"

"@types/d3-dsv@*":
  version "1.0.34"
  resolved "https://registry.yarnpkg.com/@types/d3-dsv/-/d3-dsv-1.0.34.tgz#b7b3c75653a31b1e2555c9c0300a6eaf12a5b6fd"

"@types/d3-ease@*":
  version "1.0.7"
  resolved "https://registry.yarnpkg.com/@types/d3-ease/-/d3-ease-1.0.7.tgz#93a301868be9e15061f3d44343b1ab3f8acb6f09"

"@types/d3-force@*":
  version "1.1.1"
  resolved "https://registry.yarnpkg.com/@types/d3-force/-/d3-force-1.1.1.tgz#185c18b77932df63457894bd36d0d6e9692546c0"

"@types/d3-format@*":
  version "1.3.0"
  resolved "https://registry.yarnpkg.com/@types/d3-format/-/d3-format-1.3.0.tgz#c5e115fac8e6861ce656fe9861892b22f6b0cfcb"

"@types/d3-geo@*":
  version "1.10.3"
  resolved "https://registry.yarnpkg.com/@types/d3-geo/-/d3-geo-1.10.3.tgz#3c01b2baa480e1108301096328dc2837e7ff4d8a"
  dependencies:
    "@types/geojson" "*"

"@types/d3-hierarchy@*":
  version "1.1.4"
  resolved "https://registry.yarnpkg.com/@types/d3-hierarchy/-/d3-hierarchy-1.1.4.tgz#b04dfcb1f2074da789ada10fe4942d13f0bce421"

"@types/d3-interpolate@*":
  version "1.3.0"
  resolved "https://registry.yarnpkg.com/@types/d3-interpolate/-/d3-interpolate-1.3.0.tgz#65b9627900bfdd82474875d9b23d574a4388af7c"
  dependencies:
    "@types/d3-color" "*"

"@types/d3-path@*":
  version "1.0.7"
  resolved "https://registry.yarnpkg.com/@types/d3-path/-/d3-path-1.0.7.tgz#a0736fceed688a695f48265a82ff7a3369414b81"

"@types/d3-polygon@*":
  version "1.0.6"
  resolved "https://registry.yarnpkg.com/@types/d3-polygon/-/d3-polygon-1.0.6.tgz#db25c630a2afb9191fe51ba61dd37baee9dd44c7"

"@types/d3-quadtree@*":
  version "1.0.6"
  resolved "https://registry.yarnpkg.com/@types/d3-quadtree/-/d3-quadtree-1.0.6.tgz#45da9e603688ba90eedd3d40f6e504764e06e493"

"@types/d3-queue@*":
  version "3.0.7"
  resolved "https://registry.yarnpkg.com/@types/d3-queue/-/d3-queue-3.0.7.tgz#94dc7af693281ab78ccdf381a8c1f71ef16659c1"

"@types/d3-random@*":
  version "1.1.1"
  resolved "https://registry.yarnpkg.com/@types/d3-random/-/d3-random-1.1.1.tgz#38647ce2ff4ce7d0d56974334c1c4092513c8b9f"

"@types/d3-request@*":
  version "1.0.3"
  resolved "https://registry.yarnpkg.com/@types/d3-request/-/d3-request-1.0.3.tgz#f528d12efdc83dbc3df486746c939fc5519dc79c"
  dependencies:
    "@types/d3-dsv" "*"

"@types/d3-scale@^1":
  version "1.0.14"
  resolved "https://registry.yarnpkg.com/@types/d3-scale/-/d3-scale-1.0.14.tgz#4544e4eb61e3712dacaba9dd8910e745bb7a9840"
  dependencies:
    "@types/d3-time" "*"

"@types/d3-selection@*":
  version "1.3.4"
  resolved "https://registry.yarnpkg.com/@types/d3-selection/-/d3-selection-1.3.4.tgz#2f9b71e25fb73bc95c3842dd52b7e6d523292896"

"@types/d3-shape@*":
  version "1.2.6"
  resolved "https://registry.yarnpkg.com/@types/d3-shape/-/d3-shape-1.2.6.tgz#5badbbf4f29f9ca91e847506aa2241db757adccb"
  dependencies:
    "@types/d3-path" "*"

"@types/d3-time-format@*":
  version "2.1.0"
  resolved "https://registry.yarnpkg.com/@types/d3-time-format/-/d3-time-format-2.1.0.tgz#011e0fb7937be34a9a8f580ae1e2f2f1336a8a22"

"@types/d3-time@*":
  version "1.0.9"
  resolved "https://registry.yarnpkg.com/@types/d3-time/-/d3-time-1.0.9.tgz#c2cf05a3cd51f810b8d8a9bbca0c74030d4e535e"

"@types/d3-timer@*":
  version "1.0.8"
  resolved "https://registry.yarnpkg.com/@types/d3-timer/-/d3-timer-1.0.8.tgz#a3441d9605367059e14ad8c3494132143cbc8d58"

"@types/d3-transition@*":
  version "1.1.3"
  resolved "https://registry.yarnpkg.com/@types/d3-transition/-/d3-transition-1.1.3.tgz#efcf4941dae22135d595514ba488f4f370d396b0"
  dependencies:
    "@types/d3-selection" "*"

"@types/d3-voronoi@*":
  version "1.1.8"
  resolved "https://registry.yarnpkg.com/@types/d3-voronoi/-/d3-voronoi-1.1.8.tgz#a039cb8368bce4efc1a70aebe744d210851cf1a7"

"@types/d3-zoom@*":
  version "1.7.2"
  resolved "https://registry.yarnpkg.com/@types/d3-zoom/-/d3-zoom-1.7.2.tgz#ee67f063199c179949d83b6b1e6166207de5f06e"
  dependencies:
    "@types/d3-interpolate" "*"
    "@types/d3-selection" "*"

"@types/d3@^4":
  version "4.13.1"
  resolved "https://registry.yarnpkg.com/@types/d3/-/d3-4.13.1.tgz#6d12ecab1ceb704fb41e4ac43e1c45f7fef016c8"
  dependencies:
    "@types/d3-array" "*"
    "@types/d3-axis" "*"
    "@types/d3-brush" "*"
    "@types/d3-chord" "*"
    "@types/d3-collection" "*"
    "@types/d3-color" "*"
    "@types/d3-dispatch" "*"
    "@types/d3-drag" "*"
    "@types/d3-dsv" "*"
    "@types/d3-ease" "*"
    "@types/d3-force" "*"
    "@types/d3-format" "*"
    "@types/d3-geo" "*"
    "@types/d3-hierarchy" "*"
    "@types/d3-interpolate" "*"
    "@types/d3-path" "*"
    "@types/d3-polygon" "*"
    "@types/d3-quadtree" "*"
    "@types/d3-queue" "*"
    "@types/d3-random" "*"
    "@types/d3-request" "*"
    "@types/d3-scale" "^1"
    "@types/d3-selection" "*"
    "@types/d3-shape" "*"
    "@types/d3-time" "*"
    "@types/d3-time-format" "*"
    "@types/d3-timer" "*"
    "@types/d3-transition" "*"
    "@types/d3-voronoi" "*"
    "@types/d3-zoom" "*"

"@types/geojson@*":
  version "7946.0.4"
  resolved "https://registry.yarnpkg.com/@types/geojson/-/geojson-7946.0.4.tgz#4e049756383c3f055dd8f3d24e63fb543e98eb07"

"@types/jasmine@2.8.2", "@types/jasmine@2.8.6":
  version "2.8.6"
  resolved "https://registry.yarnpkg.com/@types/jasmine/-/jasmine-2.8.6.tgz#14445b6a1613cf4e05dd61c3c3256d0e95c0421e"

"@types/jquery@*", "@types/jquery@2.0.49", "@types/jquery@~2.0.0", "@types/jquery@~2.0.46":
  version "2.0.49"
  resolved "https://registry.yarnpkg.com/@types/jquery/-/jquery-2.0.49.tgz#95bd7064caebf65bde10429dff491a1aea05b67d"

"@types/jqueryui@1.12.2":
  version "1.12.2"
  resolved "https://registry.yarnpkg.com/@types/jqueryui/-/jqueryui-1.12.2.tgz#8daa7ffa16880c78b1662ff287df058a2aceb651"
  dependencies:
    "@types/jquery" "*"

"@types/js-beautify@0.0.30":
  version "0.0.30"
  resolved "https://registry.yarnpkg.com/@types/js-beautify/-/js-beautify-0.0.30.tgz#82ffbeb2c2dec592f1d04169e926912eeed567ec"

"@types/lodash@^4.0.0":
  version "4.14.118"
  resolved "https://registry.yarnpkg.com/@types/lodash/-/lodash-4.14.118.tgz#247bab39bfcc6d910d4927c6e06cbc70ec376f27"

"@types/marked@0.0.28", "@types/marked@0.3.0":
  version "0.3.0"
  resolved "https://registry.yarnpkg.com/@types/marked/-/marked-0.3.0.tgz#583c223dd33385a1dda01aaf77b0cd0411c4b524"

"@types/urijs@1.15.34":
  version "1.15.34"
  resolved "https://registry.yarnpkg.com/@types/urijs/-/urijs-1.15.34.tgz#b9d5954e9beaabb6fc48c2127d8df15ac6393256"
  dependencies:
    "@types/jquery" "*"

abbrev@1:
  version "1.1.1"
  resolved "https://registry.yarnpkg.com/abbrev/-/abbrev-1.1.1.tgz#f8f2c887ad10bf67f634f005b6987fed3179aac8"

angular-animate@1.5.*, angular-animate@1.7.3, angular-animate@~1.7.0:
  version "1.7.3"
  resolved "https://registry.yarnpkg.com/angular-animate/-/angular-animate-1.7.3.tgz#99aa794d3417aa6a794f603c9c27ec0ee4c4b3b4"

angular-drag-and-drop-lists@2.0.0:
  version "2.0.0"
  resolved "https://registry.yarnpkg.com/angular-drag-and-drop-lists/-/angular-drag-and-drop-lists-2.0.0.tgz#a01d44b94cf233c9c2d45a31842cb35a9d0882ca"

angular-patternfly@^4.0.0:
  version "4.18.6"
  resolved "https://registry.yarnpkg.com/angular-patternfly/-/angular-patternfly-4.18.6.tgz#4f62fc235d93aecd1c03f7ed70e08ec1ea2e5fdb"
  dependencies:
    angular "1.5.*"
    angular-animate "1.5.*"
    angular-sanitize "1.5.*"
    angular-svg-base-fix "2.0.0"
    angular-ui-bootstrap "2.3.x"
    lodash "4.x"
    patternfly "^3.37.1"
  optionalDependencies:
    angular-drag-and-drop-lists "2.0.0"
    angularjs-datatables "^0.5.9"
    bootstrap "~3.3.7"
    bootstrap-select "~1.12.4"
    c3 "~0.4.11"
    d3 "~3.5.17"
    datatables.net "^1.10.12"
    datatables.net-select "~1.2.0"
    jquery "~3.2.1"
    jquery-ui-dist "~1.12.1"
    moment "~2.19.3"

angular-resizable@1.2.0:
  version "1.2.0"
  resolved "https://registry.yarnpkg.com/angular-resizable/-/angular-resizable-1.2.0.tgz#9dd29af008f8b54abfc051bd269a8f0b4fe43f1a"

angular-route@~1.7.0:
  version "1.7.5"
  resolved "https://registry.yarnpkg.com/angular-route/-/angular-route-1.7.5.tgz#34a3648c407a14a030d075cf485318e33ba23f0e"

angular-sanitize@1.5.*, angular-sanitize@1.7.3, angular-sanitize@~1.7.0:
  version "1.7.3"
  resolved "https://registry.yarnpkg.com/angular-sanitize/-/angular-sanitize-1.7.3.tgz#e1ddaa7337724f9554066fd9e9123486b8881c4a"

angular-svg-base-fix@2.0.0:
  version "2.0.0"
  resolved "https://registry.yarnpkg.com/angular-svg-base-fix/-/angular-svg-base-fix-2.0.0.tgz#f3d5f85b87a10d21310f47da8455038b90cfb000"

angular-ui-bootstrap@2.3.x, angular-ui-bootstrap@2.5.6:
  version "2.5.6"
  resolved "https://registry.yarnpkg.com/angular-ui-bootstrap/-/angular-ui-bootstrap-2.5.6.tgz#23937322ec641a6fbee16498cc32452aa199e7c5"

angular@1.5.*, angular@1.7.3, angular@>=1.3.0, angular@^1.2.0, angular@~1.7.0:
  version "1.7.3"
  resolved "https://registry.yarnpkg.com/angular/-/angular-1.7.3.tgz#0f25a661d079fc84d5ccc877a2ef9d7178575ddb"

angularjs-datatables@^0.5.9:
  version "0.5.9"
  resolved "https://registry.yarnpkg.com/angularjs-datatables/-/angularjs-datatables-0.5.9.tgz#24bdc3ba0951741f4172295b6a795c58ce63ad94"
  dependencies:
    angular ">=1.3.0"
    datatables.net "^1.10.11"
    datatables.net-dt "^1.10.11"
    jquery ">=1.11.0"

bluebird@^3.0.5:
  version "3.5.3"
  resolved "https://registry.yarnpkg.com/bluebird/-/bluebird-3.5.3.tgz#7d01c6f9616c9a51ab0f8c549a79dfe6ec33efa7"

bootstrap-datepicker@^1.7.1:
  version "1.8.0"
  resolved "https://registry.yarnpkg.com/bootstrap-datepicker/-/bootstrap-datepicker-1.8.0.tgz#c63513931e6f09f16ae9f11b62f32d950df3958e"
  dependencies:
    jquery ">=1.7.1 <4.0.0"

bootstrap-sass@^3.3.7:
  version "3.3.7"
  resolved "https://registry.yarnpkg.com/bootstrap-sass/-/bootstrap-sass-3.3.7.tgz#6596c7ab40f6637393323ab0bc80d064fc630498"

bootstrap-select@1.12.2, bootstrap-select@1.13.0, bootstrap-select@~1.12.4:
  version "1.13.0"
  resolved "https://registry.yarnpkg.com/bootstrap-select/-/bootstrap-select-1.13.0.tgz#f31d0a23fc6070fd5b17b841bf1ca115ce54775b"

bootstrap-slider@^9.9.0:
  version "9.10.0"
  resolved "https://registry.yarnpkg.com/bootstrap-slider/-/bootstrap-slider-9.10.0.tgz#1103d6bc00cfbfa8cfc9a2599ab518c55643da3f"

bootstrap-switch@~3.3.4:
  version "3.3.4"
  resolved "https://registry.yarnpkg.com/bootstrap-switch/-/bootstrap-switch-3.3.4.tgz#70e0aeb2a877c0dc766991de108e2170fc29a2ff"

bootstrap-touchspin@~3.1.1:
  version "3.1.1"
  resolved "https://registry.yarnpkg.com/bootstrap-touchspin/-/bootstrap-touchspin-3.1.1.tgz#9779deac72aaf577e5e762b8512c747c871d9597"

bootstrap@3.3.x, bootstrap@^3.3, bootstrap@~3.3.7:
  version "3.3.7"
  resolved "https://registry.yarnpkg.com/bootstrap/-/bootstrap-3.3.7.tgz#5a389394549f23330875a3b150656574f8a9eb71"

c3@~0.4.11:
  version "0.4.23"
  resolved "https://registry.yarnpkg.com/c3/-/c3-0.4.23.tgz#32ece135d0ac6d124187be5c6935903699643002"
  dependencies:
    d3 "~3.5.0"

clipboard@1.7.1:
  version "1.7.1"
  resolved "https://registry.yarnpkg.com/clipboard/-/clipboard-1.7.1.tgz#360d6d6946e99a7a1fef395e42ba92b5e9b5a16b"
  dependencies:
    good-listener "^1.2.2"
    select "^1.1.2"
    tiny-emitter "^2.0.0"

codemirror@5.33.0:
  version "5.33.0"
  resolved "https://registry.yarnpkg.com/codemirror/-/codemirror-5.33.0.tgz#462ad9a6fe8d38b541a9536a3997e1ef93b40c6a"

commander@^2.9.0:
  version "2.19.0"
  resolved "https://registry.yarnpkg.com/commander/-/commander-2.19.0.tgz#f6198aa84e5b83c46054b94ddedbfed5ee9ff12a"

config-chain@~1.1.5:
  version "1.1.12"
  resolved "https://registry.yarnpkg.com/config-chain/-/config-chain-1.1.12.tgz#0fde8d091200eb5e808caf25fe618c02f48e4efa"
  dependencies:
    ini "^1.3.4"
    proto-list "~1.2.1"

cubism@^1.6.0:
  version "1.6.0"
  resolved "https://registry.yarnpkg.com/cubism/-/cubism-1.6.0.tgz#a566e10594ac59abfc73b829bdee32d91a2f0350"
  dependencies:
    d3 "3.x"

d3@3.x, d3@~3.5.0, d3@~3.5.17:
  version "3.5.17"
  resolved "https://registry.yarnpkg.com/d3/-/d3-3.5.17.tgz#bc46748004378b21a360c9fc7cf5231790762fb8"

dagre-layout@0.8.0:
  version "0.8.0"
  resolved "https://registry.yarnpkg.com/dagre-layout/-/dagre-layout-0.8.0.tgz#7147b6afb655602f855158dfea171db9aa98d4ff"
  dependencies:
    graphlib "^2.1.1"
    lodash "^4.17.4"

datatables.net-bs@>=1.10.9:
  version "1.10.19"
  resolved "https://registry.yarnpkg.com/datatables.net-bs/-/datatables.net-bs-1.10.19.tgz#08763b4e4d0cef1a427d019dc15e717c7ed67a4d"
  dependencies:
    datatables.net "1.10.19"
    jquery ">=1.7"

datatables.net-colreorder-bs@~1.3.2:
  version "1.3.3"
  resolved "https://registry.yarnpkg.com/datatables.net-colreorder-bs/-/datatables.net-colreorder-bs-1.3.3.tgz#3a9dcb08deebeb5d854079591e06e493ad793a53"
  dependencies:
    datatables.net-bs ">=1.10.9"
    datatables.net-colreorder ">=1.2.0"
    jquery ">=1.7"

datatables.net-colreorder@>=1.2.0, datatables.net-colreorder@^1.4.1:
  version "1.5.1"
  resolved "https://registry.yarnpkg.com/datatables.net-colreorder/-/datatables.net-colreorder-1.5.1.tgz#ee5eacd7178b5fd9396aab44d4907aae35086f8c"
  dependencies:
    datatables.net "^1.10.15"
    jquery ">=1.7"

datatables.net-dt@^1.10.11:
  version "1.10.19"
  resolved "https://registry.yarnpkg.com/datatables.net-dt/-/datatables.net-dt-1.10.19.tgz#fc668e4942ac6e331be2707975d0f33e01afb60f"
  dependencies:
    datatables.net "1.10.19"
    jquery ">=1.7"

datatables.net-select@~1.2.0:
  version "1.2.7"
  resolved "https://registry.yarnpkg.com/datatables.net-select/-/datatables.net-select-1.2.7.tgz#7d5badfca49c438f8b51df04483d8d77857e917c"
  dependencies:
    datatables.net "^1.10.15"
    jquery ">=1.7"

datatables.net@1.10.19, datatables.net@^1.10.11, datatables.net@^1.10.12, datatables.net@^1.10.15:
  version "1.10.19"
  resolved "https://registry.yarnpkg.com/datatables.net/-/datatables.net-1.10.19.tgz#97a1ed41c85e62d61040603481b59790a172dd1f"
  dependencies:
    jquery ">=1.7"

delegate@^3.1.2:
  version "3.2.0"
  resolved "https://registry.yarnpkg.com/delegate/-/delegate-3.2.0.tgz#b66b71c3158522e8ab5744f720d8ca0c2af59166"

drmonty-datatables-colvis@~1.1.2:
  version "1.1.2"
  resolved "https://registry.yarnpkg.com/drmonty-datatables-colvis/-/drmonty-datatables-colvis-1.1.2.tgz#96ab9edfb48643cc2edda3f87b88933cdee8127c"
  dependencies:
    jquery ">=1.7.0"

editorconfig@^0.13.2:
  version "0.13.3"
  resolved "https://registry.yarnpkg.com/editorconfig/-/editorconfig-0.13.3.tgz#e5219e587951d60958fd94ea9a9a008cdeff1b34"
  dependencies:
    bluebird "^3.0.5"
    commander "^2.9.0"
    lru-cache "^3.2.0"
    semver "^5.1.0"
    sigmund "^1.0.1"

eonasdan-bootstrap-datetimepicker@^4.17.47:
  version "4.17.47"
  resolved "https://registry.yarnpkg.com/eonasdan-bootstrap-datetimepicker/-/eonasdan-bootstrap-datetimepicker-4.17.47.tgz#7a49970044065276e7965efd16f822735219e735"
  dependencies:
    bootstrap "^3.3"
    jquery "^1.8.3 || ^2.0 || ^3.0"
    moment "^2.10"
    moment-timezone "^0.4.0"

font-awesome-sass@^4.7.0:
  version "4.7.0"
  resolved "https://registry.yarnpkg.com/font-awesome-sass/-/font-awesome-sass-4.7.0.tgz#4eda693e915009ce00b228e0964dc5eca9bc34e1"

font-awesome@^4.7.0:
  version "4.7.0"
  resolved "https://registry.yarnpkg.com/font-awesome/-/font-awesome-4.7.0.tgz#8fa8cf0411a1a31afd07b06d2902bb9fc815a133"

good-listener@^1.2.2:
  version "1.2.2"
  resolved "https://registry.yarnpkg.com/good-listener/-/good-listener-1.2.2.tgz#d53b30cdf9313dffb7dc9a0d477096aa6d145c50"
  dependencies:
    delegate "^3.1.2"

google-code-prettify@~1.0.5:
  version "1.0.5"
  resolved "https://registry.yarnpkg.com/google-code-prettify/-/google-code-prettify-1.0.5.tgz#9f477f224dbfa62372e5ef803a7e157410400084"

graphlib@^2.1.1:
  version "2.1.7"
  resolved "https://registry.yarnpkg.com/graphlib/-/graphlib-2.1.7.tgz#b6a69f9f44bd9de3963ce6804a2fc9e73d86aecc"
  dependencies:
    lodash "^4.17.5"

gulp-rename@~1.2.3:
  version "1.2.3"
  resolved "https://registry.yarnpkg.com/gulp-rename/-/gulp-rename-1.2.3.tgz#37b75298e9d3e6c0fe9ac4eac13ce3be5434646b"

ini@^1.3.4:
  version "1.3.5"
  resolved "https://registry.yarnpkg.com/ini/-/ini-1.3.5.tgz#eee25f56db1c9ec6085e0c22778083f596abf927"

jolokia.js@^1.6.0-1:
  version "1.6.0-1"
  resolved "https://registry.yarnpkg.com/jolokia.js/-/jolokia.js-1.6.0-1.tgz#b0b527135e16940c2cfbc6b5b50be608177cc50e"
  dependencies:
    "@types/jquery" "~2.0.46"

jquery-match-height@^0.7.2:
  version "0.7.2"
  resolved "https://registry.yarnpkg.com/jquery-match-height/-/jquery-match-height-0.7.2.tgz#f8d9f3ba5314daab109cf07408674be204be5f0e"

jquery-ui-dist@~1.12.1:
  version "1.12.1"
  resolved "https://registry.yarnpkg.com/jquery-ui-dist/-/jquery-ui-dist-1.12.1.tgz#5c0815d3cc6f90ff5faaf5b268a6e23b4ca904fa"

jquery@2.2.4, "jquery@>= 2.1.x", jquery@>=1.11.0, jquery@>=1.7, jquery@>=1.7.0, "jquery@>=1.7.1 <4.0.0", jquery@>=1.8, "jquery@^1.8.3 || ^2.0 || ^3.0", jquery@~3.2.1:
  version "2.2.4"
  resolved "https://registry.yarnpkg.com/jquery/-/jquery-2.2.4.tgz#2c89d6889b5eac522a7eea32c14521559c6cbf02"

js-beautify@1.7.5:
  version "1.7.5"
  resolved "https://registry.yarnpkg.com/js-beautify/-/js-beautify-1.7.5.tgz#69d9651ef60dbb649f65527b53674950138a7919"
  dependencies:
    config-chain "~1.1.5"
    editorconfig "^0.13.2"
    mkdirp "~0.5.0"
    nopt "~3.0.1"

js-logger@1.4.1:
  version "1.4.1"
  resolved "https://registry.yarnpkg.com/js-logger/-/js-logger-1.4.1.tgz#f0230dc5e84e120f213d6e5a6b767a913d290335"

keycloak-js@3.4.3:
  version "3.4.3"
  resolved "https://registry.yarnpkg.com/keycloak-js/-/keycloak-js-3.4.3.tgz#9fbb1ba7b2433229f5cc8babbd308ff0e945dac7"

lodash@4.x, lodash@^4.17.4, lodash@^4.17.5, lodash@~4.17.0:
  version "4.17.11"
  resolved "https://registry.yarnpkg.com/lodash/-/lodash-4.17.11.tgz#b39ea6229ef607ecd89e2c8df12536891cac9b8d"

lru-cache@^3.2.0:
  version "3.2.0"
  resolved "https://registry.yarnpkg.com/lru-cache/-/lru-cache-3.2.0.tgz#71789b3b7f5399bec8565dda38aa30d2a097efee"
  dependencies:
    pseudomap "^1.0.1"

marked@0.3.9:
  version "0.3.9"
  resolved "https://registry.yarnpkg.com/marked/-/marked-0.3.9.tgz#54ce6a57e720c3ac6098374ec625fcbcc97ff290"

minimist@0.0.8:
  version "0.0.8"
  resolved "https://registry.yarnpkg.com/minimist/-/minimist-0.0.8.tgz#857fcabfc3397d2625b8228262e86aa7a011b05d"

mkdirp@~0.5.0:
  version "0.5.1"
  resolved "https://registry.yarnpkg.com/mkdirp/-/mkdirp-0.5.1.tgz#30057438eac6cf7f8c4767f38648d6697d75c903"
  dependencies:
    minimist "0.0.8"

moment-timezone@^0.4.0, moment-timezone@^0.4.1:
  version "0.4.1"
  resolved "https://registry.yarnpkg.com/moment-timezone/-/moment-timezone-0.4.1.tgz#81f598c3ad5e22cdad796b67ecd8d88d0f5baa06"
  dependencies:
    moment ">= 2.6.0"

moment@2.21.0, "moment@>= 2.6.0", moment@^2.10, moment@^2.19.1, moment@~2.19.3:
  version "2.21.0"
  resolved "https://registry.yarnpkg.com/moment/-/moment-2.21.0.tgz#2a114b51d2a6ec9e6d83cf803f838a878d8a023a"

ng-idle@^1.3.2:
  version "1.3.2"
  resolved "https://registry.yarnpkg.com/ng-idle/-/ng-idle-1.3.2.tgz#73a4dcc0a6c8360310d1396df376be6bd0b0a867"
  dependencies:
    angular "^1.2.0"

ng-infinite-scroll@1.3.0:
  version "1.3.0"
  resolved "https://registry.yarnpkg.com/ng-infinite-scroll/-/ng-infinite-scroll-1.3.0.tgz#c2e98d8fd134b0525a4d2cf58c95d9b583755112"

nopt@~3.0.1:
  version "3.0.6"
  resolved "https://registry.yarnpkg.com/nopt/-/nopt-3.0.6.tgz#c6465dbf08abcd4db359317f79ac68a646b28ff9"
  dependencies:
    abbrev "1"

patternfly-bootstrap-combobox@~1.1.7:
  version "1.1.7"
  resolved "https://registry.yarnpkg.com/patternfly-bootstrap-combobox/-/patternfly-bootstrap-combobox-1.1.7.tgz#6a5e3ccd1170c21b3c4b4aa168a7413e1ddbb6e1"

patternfly-bootstrap-treeview@~2.1.0:
  version "2.1.7"
  resolved "https://registry.yarnpkg.com/patternfly-bootstrap-treeview/-/patternfly-bootstrap-treeview-2.1.7.tgz#3e325d4ca34040c24e7e3f701c8021b1700a6f5d"
  dependencies:
    bootstrap "3.3.x"
    jquery ">= 2.1.x"

patternfly@^3.37.1:
  version "3.58.0"
  resolved "https://registry.yarnpkg.com/patternfly/-/patternfly-3.58.0.tgz#c94516a9fbf2b645b63a53e58fcf39c45bf66a8b"
  dependencies:
    bootstrap "~3.3.7"
    font-awesome "^4.7.0"
    jquery "~3.2.1"
  optionalDependencies:
    "@types/c3" "^0.6.0"
    bootstrap-datepicker "^1.7.1"
    bootstrap-sass "^3.3.7"
    bootstrap-select "1.12.2"
    bootstrap-slider "^9.9.0"
    bootstrap-switch "~3.3.4"
    bootstrap-touchspin "~3.1.1"
    c3 "~0.4.11"
    d3 "~3.5.17"
    datatables.net "^1.10.15"
    datatables.net-colreorder "^1.4.1"
    datatables.net-colreorder-bs "~1.3.2"
    datatables.net-select "~1.2.0"
    drmonty-datatables-colvis "~1.1.2"
    eonasdan-bootstrap-datetimepicker "^4.17.47"
    font-awesome-sass "^4.7.0"
    google-code-prettify "~1.0.5"
    jquery-match-height "^0.7.2"
    moment "^2.19.1"
    moment-timezone "^0.4.1"
    patternfly-bootstrap-combobox "~1.1.7"
    patternfly-bootstrap-treeview "~2.1.0"

proto-list@~1.2.1:
  version "1.2.4"
  resolved "https://registry.yarnpkg.com/proto-list/-/proto-list-1.2.4.tgz#212d5bfe1318306a420f6402b8e26ff39647a849"

pseudomap@^1.0.1:
  version "1.0.2"
  resolved "https://registry.yarnpkg.com/pseudomap/-/pseudomap-1.0.2.tgz#f052a28da70e618917ef0a8ac34c1ae5a68286b3"

select@^1.1.2:
  version "1.1.2"
  resolved "https://registry.yarnpkg.com/select/-/select-1.1.2.tgz#0e7350acdec80b1108528786ec1d4418d11b396d"

semver@^5.1.0:
  version "5.6.0"
  resolved "https://registry.yarnpkg.com/semver/-/semver-5.6.0.tgz#7e74256fbaa49c75aa7c7a205cc22799cac80004"

sigmund@^1.0.1:
  version "1.0.1"
  resolved "https://registry.yarnpkg.com/sigmund/-/sigmund-1.0.1.tgz#3ff21f198cad2175f9f3b781853fd94d0d19b590"

tiny-emitter@^2.0.0:
  version "2.0.2"
  resolved "https://registry.yarnpkg.com/tiny-emitter/-/tiny-emitter-2.0.2.tgz#82d27468aca5ade8e5fd1e6d22b57dd43ebdfb7c"

urijs@1.19.0:
  version "1.19.0"
  resolved "https://registry.yarnpkg.com/urijs/-/urijs-1.19.0.tgz#d8aa284d0e7469703a6988ad045c4cbfdf08ada0"
